
Microsoft Visual Studio Solution File, Format Version 12.00
# Visual Studio 2012
Project("{8BC9CEB8-8B4A-11D0-8D11-00A0C91BC942}") = "adv.pro1", "adv.pro1\adv.pro1.vcxproj", "{262A4654-5A00-4E52-B630-7B4CBF068C05}"
EndProject
Global
	GlobalSection(SolutionConfigurationPlatforms) = preSolution
		Debug|Win32 = Debug|Win32
		Release|Win32 = Release|Win32
	EndGlobalSection
	GlobalSection(ProjectConfigurationPlatforms) = postSolution
		{262A4654-5A00-4E52-B630-7B4CBF068C05}.Debug|Win32.ActiveCfg = Debug|Win32
		{262A4654-5A00-4E52-B630-7B4CBF068C05}.Debug|Win32.Build.0 = Debug|Win32
		{262A4654-5A00-4E52-B630-7B4CBF068C05}.Release|Win32.ActiveCfg = Release|Win32
		{262A4654-5A00-4E52-B630-7B4CBF068C05}.Release|Win32.Build.0 = Release|Win32
	EndGlobalSection
	GlobalSection(SolutionProperties) = preSolution
		HideSolutionNode = FALSE
	EndGlobalSection
EndGlobal
